
Microsoft Visual Studio Solution File, Format Version 12.00
# Visual Studio Version 16
VisualStudioVersion = 16.0.29424.173
MinimumVisualStudioVersion = 10.0.40219.1
Project("{FAE04EC0-301F-11D3-BF4B-00C04F79EFBC}") = "LinqBowl", "LinqBowl\LinqBowl.csproj", "{36ACFE98-469D-40EF-A8CE-ACA5EF3C3E86}"
EndProject
Project("{FAE04EC0-301F-11D3-BF4B-00C04F79EFBC}") = "LinqBowlTests", "LinqBowlTests\LinqBowlTests.csproj", "{9599D026-8BA7-4ECD-89E7-F372E6B69282}"
EndProject
Project("{2150E333-8FDC-42A3-9474-1A3956D46DE8}") = "Solution Items", "Solution Items", "{A0D58633-F17A-45F4-80BA-09197290E969}"
	ProjectSection(SolutionItems) = preProject
		.gitignore = .gitignore
	EndProjectSection
EndProject
Global
	GlobalSection(SolutionConfigurationPlatforms) = preSolution
		Debug|Any CPU = Debug|Any CPU
		Release|Any CPU = Release|Any CPU
	EndGlobalSection
	GlobalSection(ProjectConfigurationPlatforms) = postSolution
		{36ACFE98-469D-40EF-A8CE-ACA5EF3C3E86}.Debug|Any CPU.ActiveCfg = Debug|Any CPU
		{36ACFE98-469D-40EF-A8CE-ACA5EF3C3E86}.Debug|Any CPU.Build.0 = Debug|Any CPU
		{36ACFE98-469D-40EF-A8CE-ACA5EF3C3E86}.Release|Any CPU.ActiveCfg = Release|Any CPU
		{36ACFE98-469D-40EF-A8CE-ACA5EF3C3E86}.Release|Any CPU.Build.0 = Release|Any CPU
		{9599D026-8BA7-4ECD-89E7-F372E6B69282}.Debug|Any CPU.ActiveCfg = Debug|Any CPU
		{9599D026-8BA7-4ECD-89E7-F372E6B69282}.Debug|Any CPU.Build.0 = Debug|Any CPU
		{9599D026-8BA7-4ECD-89E7-F372E6B69282}.Release|Any CPU.ActiveCfg = Release|Any CPU
		{9599D026-8BA7-4ECD-89E7-F372E6B69282}.Release|Any CPU.Build.0 = Release|Any CPU
	EndGlobalSection
	GlobalSection(SolutionProperties) = preSolution
		HideSolutionNode = FALSE
	EndGlobalSection
	GlobalSection(ExtensibilityGlobals) = postSolution
		SolutionGuid = {DC13D958-3353-435E-AE25-DF2739987C20}
	EndGlobalSection
EndGlobal
